
Microsoft Visual Studio Solution File, Format Version 12.00
# Visual Studio Version 17
VisualStudioVersion = 17.1.32120.378
MinimumVisualStudioVersion = 10.0.40219.1
Project("{2150E333-8FDC-42A3-9474-1A3956D46DE8}") = "src", "src", "{A4AAC6F7-3DB7-412F-806C-EDD8A2099591}"
EndProject
Project("{2150E333-8FDC-42A3-9474-1A3956D46DE8}") = "doc", "doc", "{4D7A1C40-AF22-4128-8DA7-B535CB7FBA5A}"
EndProject
Project("{2150E333-8FDC-42A3-9474-1A3956D46DE8}") = "test", "test", "{A55EE8E1-EAF4-4F91-8EE8-F00B0649CAA8}"
EndProject
Project("{2150E333-8FDC-42A3-9474-1A3956D46DE8}") = "Core", "Core", "{D435B313-91A3-4299-81C7-4E6DC7D7421B}"
	ProjectSection(SolutionItems) = preProject
		Tekus.Providers.Api\Program.cs = Tekus.Providers.Api\Program.cs
	EndProjectSection
EndProject
Project("{2150E333-8FDC-42A3-9474-1A3956D46DE8}") = "Infrastructure", "Infrastructure", "{3E855C91-A9BC-4F36-991B-0EE74750272F}"
EndProject
Project("{9A19103F-16F7-4668-BE54-9A1E7A4F7556}") = "Tekus.Providers.Application", "Tekus.Providers.Application\Tekus.Providers.Application.csproj", "{C07446D7-9293-4239-A8DF-78AF1BD69744}"
EndProject
Project("{9A19103F-16F7-4668-BE54-9A1E7A4F7556}") = "Tekus.Providers.Domain", "Tekus.Providers.Domain\Tekus.Providers.Domain.csproj", "{8157B720-B701-4A95-ADD3-F785D1D5F4EE}"
EndProject
Project("{9A19103F-16F7-4668-BE54-9A1E7A4F7556}") = "Tekus.Providers.Infrastructure", "Tekus.Providers.Infrastructure\Tekus.Providers.Infrastructure.csproj", "{C66CCAE4-0F54-4F16-8F72-149C1A336BC0}"
EndProject
Project("{2150E333-8FDC-42A3-9474-1A3956D46DE8}") = "Api", "Api", "{1DA06C3C-A198-4C81-9B8C-0221BBD54D56}"
EndProject
Project("{FAE04EC0-301F-11D3-BF4B-00C04F79EFBC}") = "Tekus.Providers.Api", "Tekus.Providers.Api\Tekus.Providers.Api.csproj", "{591AD11D-F1F2-405F-A3F1-49ADC620E42E}"
	ProjectSection(ProjectDependencies) = postProject
		{C07446D7-9293-4239-A8DF-78AF1BD69744} = {C07446D7-9293-4239-A8DF-78AF1BD69744}
	EndProjectSection
EndProject
Project("{FAE04EC0-301F-11D3-BF4B-00C04F79EFBC}") = "Tekus.Providers.Identity", "Tekus.Providers.Identity\Tekus.Providers.Identity.csproj", "{CD1D0A5A-BAC9-4087-9F3A-8A6A26869801}"
	ProjectSection(ProjectDependencies) = postProject
		{C07446D7-9293-4239-A8DF-78AF1BD69744} = {C07446D7-9293-4239-A8DF-78AF1BD69744}
	EndProjectSection
EndProject
Global
	GlobalSection(SolutionConfigurationPlatforms) = preSolution
		Debug|Any CPU = Debug|Any CPU
		Release|Any CPU = Release|Any CPU
	EndGlobalSection
	GlobalSection(ProjectConfigurationPlatforms) = postSolution
		{C07446D7-9293-4239-A8DF-78AF1BD69744}.Debug|Any CPU.ActiveCfg = Debug|Any CPU
		{C07446D7-9293-4239-A8DF-78AF1BD69744}.Debug|Any CPU.Build.0 = Debug|Any CPU
		{C07446D7-9293-4239-A8DF-78AF1BD69744}.Release|Any CPU.ActiveCfg = Release|Any CPU
		{C07446D7-9293-4239-A8DF-78AF1BD69744}.Release|Any CPU.Build.0 = Release|Any CPU
		{8157B720-B701-4A95-ADD3-F785D1D5F4EE}.Debug|Any CPU.ActiveCfg = Debug|Any CPU
		{8157B720-B701-4A95-ADD3-F785D1D5F4EE}.Debug|Any CPU.Build.0 = Debug|Any CPU
		{8157B720-B701-4A95-ADD3-F785D1D5F4EE}.Release|Any CPU.ActiveCfg = Release|Any CPU
		{8157B720-B701-4A95-ADD3-F785D1D5F4EE}.Release|Any CPU.Build.0 = Release|Any CPU
		{C66CCAE4-0F54-4F16-8F72-149C1A336BC0}.Debug|Any CPU.ActiveCfg = Debug|Any CPU
		{C66CCAE4-0F54-4F16-8F72-149C1A336BC0}.Debug|Any CPU.Build.0 = Debug|Any CPU
		{C66CCAE4-0F54-4F16-8F72-149C1A336BC0}.Release|Any CPU.ActiveCfg = Release|Any CPU
		{C66CCAE4-0F54-4F16-8F72-149C1A336BC0}.Release|Any CPU.Build.0 = Release|Any CPU
		{591AD11D-F1F2-405F-A3F1-49ADC620E42E}.Debug|Any CPU.ActiveCfg = Debug|Any CPU
		{591AD11D-F1F2-405F-A3F1-49ADC620E42E}.Debug|Any CPU.Build.0 = Debug|Any CPU
		{591AD11D-F1F2-405F-A3F1-49ADC620E42E}.Release|Any CPU.ActiveCfg = Release|Any CPU
		{591AD11D-F1F2-405F-A3F1-49ADC620E42E}.Release|Any CPU.Build.0 = Release|Any CPU
		{CD1D0A5A-BAC9-4087-9F3A-8A6A26869801}.Debug|Any CPU.ActiveCfg = Debug|Any CPU
		{CD1D0A5A-BAC9-4087-9F3A-8A6A26869801}.Debug|Any CPU.Build.0 = Debug|Any CPU
		{CD1D0A5A-BAC9-4087-9F3A-8A6A26869801}.Release|Any CPU.ActiveCfg = Release|Any CPU
		{CD1D0A5A-BAC9-4087-9F3A-8A6A26869801}.Release|Any CPU.Build.0 = Release|Any CPU
	EndGlobalSection
	GlobalSection(SolutionProperties) = preSolution
		HideSolutionNode = FALSE
	EndGlobalSection
	GlobalSection(NestedProjects) = preSolution
		{D435B313-91A3-4299-81C7-4E6DC7D7421B} = {A4AAC6F7-3DB7-412F-806C-EDD8A2099591}
		{3E855C91-A9BC-4F36-991B-0EE74750272F} = {A4AAC6F7-3DB7-412F-806C-EDD8A2099591}
		{C07446D7-9293-4239-A8DF-78AF1BD69744} = {D435B313-91A3-4299-81C7-4E6DC7D7421B}
		{8157B720-B701-4A95-ADD3-F785D1D5F4EE} = {D435B313-91A3-4299-81C7-4E6DC7D7421B}
		{C66CCAE4-0F54-4F16-8F72-149C1A336BC0} = {3E855C91-A9BC-4F36-991B-0EE74750272F}
		{1DA06C3C-A198-4C81-9B8C-0221BBD54D56} = {A4AAC6F7-3DB7-412F-806C-EDD8A2099591}
		{591AD11D-F1F2-405F-A3F1-49ADC620E42E} = {1DA06C3C-A198-4C81-9B8C-0221BBD54D56}
		{CD1D0A5A-BAC9-4087-9F3A-8A6A26869801} = {3E855C91-A9BC-4F36-991B-0EE74750272F}
	EndGlobalSection
	GlobalSection(ExtensibilityGlobals) = postSolution
		SolutionGuid = {2E38B812-F963-4809-8524-B05A5EDE4320}
	EndGlobalSection
EndGlobal
